<?xml version="1.0" encoding="utf-8"?>
<Project ToolsVersion="4.0" xmlns="http://schemas.microsoft.com/developer/msbuild/2003">
  <ItemGroup>
    <Filter Include="소스 파일">
      <UniqueIdentifier>{4FC737F1-C7A5-4376-A066-2A32D752A2FF}</UniqueIdentifier>
      <Extensions>cpp;c;cc;cxx;def;odl;idl;hpj;bat;asm;asmx</Extensions>
    </Filter>
    <Filter Include="헤더 파일">
      <UniqueIdentifier>{93995380-89BD-4b04-88EB-625FBE52EBFB}</UniqueIdentifier>
      <Extensions>h;hpp;hxx;hm;inl;inc;xsd</Extensions>
    </Filter>
    <Filter Include="리소스 파일">
      <UniqueIdentifier>{67DA6AB6-F800-4c08-8B7A-83BB121AAD01}</UniqueIdentifier>
      <Extensions>rc;ico;cur;bmp;dlg;rc2;rct;bin;rgs;gif;jpg;jpeg;jpe;resx;tiff;tif;png;wav;mfcribbon-ms</Extensions>
    </Filter>
  </ItemGroup>
  <ItemGroup>
    <ClCompile Include="TestMain.cpp">
      <Filter>소스 파일</Filter>
    </ClCompile>
    <ClCompile Include="SceneContext.cpp">
      <Filter>소스 파일</Filter>
    </ClCompile>
    <ClCompile Include="GlFunction.cpp">
      <Filter>소스 파일</Filter>
    </ClCompile>
    <ClCompile Include="SceneCache.cpp">
      <Filter>소스 파일</Filter>
    </ClCompile>
    <ClCompile Include="SetCamera.cpp">
      <Filter>소스 파일</Filter>
    </ClCompile>
    <ClCompile Include="DrawScene.cpp">
      <Filter>소스 파일</Filter>
    </ClCompile>
    <ClCompile Include="Common.cpp">
      <Filter>소스 파일</Filter>
    </ClCompile>
    <ClCompile Include="GetPosition.cpp">
      <Filter>소스 파일</Filter>
    </ClCompile>
    <ClCompile Include="DrawText.cpp">
      <Filter>소스 파일</Filter>
    </ClCompile>
    <ClCompile Include="targa.cpp">
      <Filter>소스 파일</Filter>
    </ClCompile>
    <ClCompile Include="MyFunctionHandler.cpp">
      <Filter>소스 파일</Filter>
    </ClCompile>
    <ClCompile Include="MySceneManager.cpp">
      <Filter>소스 파일</Filter>
    </ClCompile>
    <ClCompile Include="MyLight.cpp">
      <Filter>소스 파일</Filter>
    </ClCompile>
    <ClCompile Include="MyCamera.cpp">
      <Filter>소스 파일</Filter>
    </ClCompile>
    <ClCompile Include="MyCharacterRendering.cpp">
      <Filter>소스 파일</Filter>
    </ClCompile>
    <ClCompile Include="MyMesh.cpp">
      <Filter>소스 파일</Filter>
    </ClCompile>
    <ClCompile Include="MyVertex.cpp">
      <Filter>소스 파일</Filter>
    </ClCompile>
    <ClCompile Include="MyVector.cpp">
      <Filter>소스 파일</Filter>
    </ClCompile>
    <ClCompile Include="MyHWConnector.cpp">
      <Filter>소스 파일</Filter>
    </ClCompile>
    <ClCompile Include="MyTexture.cpp">
      <Filter>소스 파일</Filter>
    </ClCompile>
    <ClCompile Include="MyModuleRendering.cpp">
      <Filter>소스 파일</Filter>
    </ClCompile>
    <ClCompile Include="MyHWMatchingManager.cpp">
      <Filter>소스 파일</Filter>
    </ClCompile>
    <ClCompile Include="MyJoint.cpp">
      <Filter>소스 파일</Filter>
    </ClCompile>
    <ClCompile Include="MySkeleton.cpp">
      <Filter>소스 파일</Filter>
    </ClCompile>
    <ClCompile Include="MySkinning.cpp">
      <Filter>소스 파일</Filter>
    </ClCompile>
    <ClCompile Include="MyAnimationStack.cpp">
      <Filter>소스 파일</Filter>
    </ClCompile>
    <ClCompile Include="MyAnimationManager.cpp">
      <Filter>소스 파일</Filter>
    </ClCompile>
  </ItemGroup>
  <ItemGroup>
    <ClInclude Include="SceneContext.h">
      <Filter>헤더 파일</Filter>
    </ClInclude>
    <ClInclude Include="GlFunction.h">
      <Filter>헤더 파일</Filter>
    </ClInclude>
    <ClInclude Include="SceneCache.h">
      <Filter>헤더 파일</Filter>
    </ClInclude>
    <ClInclude Include="SetCamera.h">
      <Filter>헤더 파일</Filter>
    </ClInclude>
    <ClInclude Include="DrawScene.h">
      <Filter>헤더 파일</Filter>
    </ClInclude>
    <ClInclude Include="Common.h">
      <Filter>헤더 파일</Filter>
    </ClInclude>
    <ClInclude Include="GetPosition.h">
      <Filter>헤더 파일</Filter>
    </ClInclude>
    <ClInclude Include="DrawText.h">
      <Filter>헤더 파일</Filter>
    </ClInclude>
    <ClInclude Include="targa.h">
      <Filter>헤더 파일</Filter>
    </ClInclude>
    <ClInclude Include="MyFunctionHandler.h">
      <Filter>헤더 파일</Filter>
    </ClInclude>
    <ClInclude Include="MySceneManager.h">
      <Filter>헤더 파일</Filter>
    </ClInclude>
    <ClInclude Include="MyLight.h">
      <Filter>헤더 파일</Filter>
    </ClInclude>
    <ClInclude Include="MyCamera.h">
      <Filter>헤더 파일</Filter>
    </ClInclude>
    <ClInclude Include="MyCharacterRendering.h">
      <Filter>헤더 파일</Filter>
    </ClInclude>
    <ClInclude Include="MyMesh.h">
      <Filter>헤더 파일</Filter>
    </ClInclude>
    <ClInclude Include="MyVertex.h">
      <Filter>헤더 파일</Filter>
    </ClInclude>
    <ClInclude Include="MyVector.h">
      <Filter>헤더 파일</Filter>
    </ClInclude>
    <ClInclude Include="MyHWConnector.h">
      <Filter>헤더 파일</Filter>
    </ClInclude>
    <ClInclude Include="MyTexture.h">
      <Filter>헤더 파일</Filter>
    </ClInclude>
    <ClInclude Include="MyModuleRendering.h">
      <Filter>헤더 파일</Filter>
    </ClInclude>
    <ClInclude Include="MyHWMatchingManager.h">
      <Filter>헤더 파일</Filter>
    </ClInclude>
    <ClInclude Include="MyJoint.h">
      <Filter>헤더 파일</Filter>
    </ClInclude>
    <ClInclude Include="MySkeleton.h">
      <Filter>헤더 파일</Filter>
    </ClInclude>
    <ClInclude Include="MySkinning.h">
      <Filter>헤더 파일</Filter>
    </ClInclude>
    <ClInclude Include="MyAnimationStack.h">
      <Filter>헤더 파일</Filter>
    </ClInclude>
    <ClInclude Include="MyAnimationManager.h">
      <Filter>헤더 파일</Filter>
    </ClInclude>
  </ItemGroup>
</Project>